// !$*UTF8*$!
{
	archiveVersion = 1;
	classes = {
	};
	objectVersion = 46;
	objects = {

/* Begin PBXBuildFile section */
		D913F9511EEE3B990039506E /* AppDelegate.swift in Sources */ = {isa = PBXBuildFile; fileRef = D913F9501EEE3B990039506E /* AppDelegate.swift */; };
		D913F9531EEE3B990039506E /* ViewController.swift in Sources */ = {isa = PBXBuildFile; fileRef = D913F9521EEE3B990039506E /* ViewController.swift */; };
		D913F9561EEE3B990039506E /* Main.storyboard in Resources */ = {isa = PBXBuildFile; fileRef = D913F9541EEE3B990039506E /* Main.storyboard */; };
		D913F9581EEE3B9A0039506E /* Assets.xcassets in Resources */ = {isa = PBXBuildFile; fileRef = D913F9571EEE3B9A0039506E /* Assets.xcassets */; };
		D913F95B1EEE3B9B0039506E /* LaunchScreen.storyboard in Resources */ = {isa = PBXBuildFile; fileRef = D913F9591EEE3B9B0039506E /* LaunchScreen.storyboard */; };
/* End PBXBuildFile section */

/* Begin PBXFileReference section */
		D913F94D1EEE3B980039506E /* TheFlips.app */ = {isa = PBXFileReference; explicitFileType = wrapper.application; includeInIndex = 0; path = TheFlips.app; sourceTree = BUILT_PRODUCTS_DIR; };
		D913F9501EEE3B990039506E /* AppDelegate.swift */ = {isa = PBXFileReference; lastKnownFileType = sourcecode.swift; path = AppDelegate.swift; sourceTree = "<group>"; };
		D913F9521EEE3B990039506E /* ViewController.swift */ = {isa = PBXFileReference; lastKnownFileType = sourcecode.swift; path = ViewController.swift; sourceTree = "<group>"; };
		D913F9551EEE3B990039506E /* Base */ = {isa = PBXFileReference; lastKnownFileType = file.storyboard; name = Base; path = Base.lproj/Main.storyboard; sourceTree = "<group>"; };
		D913F9571EEE3B9A0039506E /* Assets.xcassets */ = {isa = PBXFileReference; lastKnownFileType = folder.assetcatalog; path = Assets.xcassets; sourceTree = "<group>"; };
		D913F95A1EEE3B9B0039506E /* Base */ = {isa = PBXFileReference; lastKnownFileType = file.storyboard; name = Base; path = Base.lproj/LaunchScreen.storyboard; sourceTree = "<group>"; };
		D913F95C1EEE3B9B0039506E /* Info.plist */ = {isa = PBXFileReference; lastKnownFileType = text.plist.xml; path = Info.plist; sourceTree = "<group>"; };
/* End PBXFileReference section */

/* Begin PBXFrameworksBuildPhase section */
		D913F94A1EEE3B980039506E /* Frameworks */ = {
			isa = PBXFrameworksBuildPhase;
			buildActionMask = 2147483647;
			files = (
			);
			runOnlyForDeploymentPostprocessing = 0;
		};
/* End PBXFrameworksBuildPhase section */

/* Begin PBXGroup section */
		D913F9441EEE3B980039506E = {
			isa = PBXGroup;
			children = (
				D913F94F1EEE3B980039506E /* TheFlips */,
				D913F94E1EEE3B980039506E /* Products */,
			);
			sourceTree = "<group>";
		};
		D913F94E1EEE3B980039506E /* Products */ = {
			isa = PBXGroup;
			children = (
				D913F94D1EEE3B980039506E /* TheFlips.app */,
			);
			name = Products;
			sourceTree = "<group>";
		};
		D913F94F1EEE3B980039506E /* TheFlips */ = {
			isa = PBXGroup;
			children = (
				D913F9501EEE3B990039506E /* AppDelegate.swift */,
				D913F9521EEE3B990039506E /* ViewController.swift */,
				D913F9541EEE3B990039506E /* Main.storyboard */,
				D913F9571EEE3B9A0039506E /* Assets.xcassets */,
				D913F9591EEE3B9B0039506E /* LaunchScreen.storyboard */,
				D913F95C1EEE3B9B0039506E /* Info.plist */,
			);
			path = TheFlips;
			sourceTree = "<group>";
		};
/* End PBXGroup section */

/* Begin PBXNativeTarget section */
		D913F94C1EEE3B980039506E /* TheFlips */ = {
			isa = PBXNativeTarget;
			buildConfigurationList = D913F95F1EEE3B9B0039506E /* Build configuration list for PBXNativeTarget "TheFlips" */;
			buildPhases = (
				D913F9491EEE3B980039506E /* Sources */,
				D913F94A1EEE3B980039506E /* Frameworks */,
				D913F94B1EEE3B980039506E /* Resources */,
			);
			buildRules = (
			);
			dependencies = (
			);
			name = TheFlips;
			productName = TheFlips;
			productReference = D913F94D1EEE3B980039506E /* TheFlips.app */;
			productType = "com.apple.product-type.application";
		};
/* End PBXNativeTarget section */

/* Begin PBXProject section */
		D913F9451EEE3B980039506E /* Project object */ = {
			isa = PBXProject;
			attributes = {
				LastSwiftUpdateCheck = 0800;
				LastUpgradeCheck = 0800;
				ORGANIZATIONNAME = Altiarika;
				TargetAttributes = {
					D913F94C1EEE3B980039506E = {
						CreatedOnToolsVersion = 8.0;
						ProvisioningStyle = Automatic;
					};
				};
			};
			buildConfigurationList = D913F9481EEE3B980039506E /* Build configuration list for PBXProject "TheFlips" */;
			compatibilityVersion = "Xcode 3.2";
			developmentRegion = English;
			hasScannedForEncodings = 0;
			knownRegions = (
				en,
				Base,
			);
			mainGroup = D913F9441EEE3B980039506E;
			productRefGroup = D913F94E1EEE3B980039506E /* Products */;
			projectDirPath = "";
			projectRoot = "";
			targets = (
				D913F94C1EEE3B980039506E /* TheFlips */,
			);
		};
/* End PBXProject section */

/* Begin PBXResourcesBuildPhase section */
		D913F94B1EEE3B980039506E /* Resources */ = {
			isa = PBXResourcesBuildPhase;
			buildActionMask = 2147483647;
			files = (
				D913F95B1EEE3B9B0039506E /* LaunchScreen.storyboard in Resources */,
				D913F9581EEE3B9A0039506E /* Assets.xcassets in Resources */,
				D913F9561EEE3B990039506E /* Main.storyboard in Resources */,
			);
			runOnlyForDeploymentPostprocessing = 0;
		};
/* End PBXResourcesBuildPhase section */

/* Begin PBXSourcesBuildPhase section */
		D913F9491EEE3B980039506E /* Sources */ = {
			isa = PBXSourcesBuildPhase;
			buildActionMask = 2147483647;
			files = (
				D913F9531EEE3B990039506E /* ViewController.swift in Sources */,
				D913F9511EEE3B990039506E /* AppDelegate.swift in Sources */,
			);
			runOnlyForDeploymentPostprocessing = 0;
		};
/* End PBXSourcesBuildPhase section */

/* Begin PBXVariantGroup section */
		D913F9541EEE3B990039506E /* Main.storyboard */ = {
			isa = PBXVariantGroup;
			children = (
				D913F9551EEE3B990039506E /* Base */,
			);
			name = Main.storyboard;
			sourceTree = "<group>";
		};
		D913F9591EEE3B9B0039506E /* LaunchScreen.storyboard */ = {
			isa = PBXVariantGroup;
			children = (
				D913F95A1EEE3B9B0039506E /* Base */,
			);
			name = LaunchScreen.storyboard;
			sourceTree = "<group>";
		};
/* End PBXVariantGroup section */

/* Begin XCBuildConfiguration section */
		D913F95D1EEE3B9B0039506E /* Debug */ = {
			isa = XCBuildConfiguration;
			buildSettings = {
				ALWAYS_SEARCH_USER_PATHS = NO;
				CLANG_ANALYZER_NONNULL = YES;
				CLANG_CXX_LANGUAGE_STANDARD = "gnu++0x";
				CLANG_CXX_LIBRARY = "libc++";
				CLANG_ENABLE_MODULES = YES;
				CLANG_ENABLE_OBJC_ARC = YES;
				CLANG_WARN_BOOL_CONVERSION = YES;
				CLANG_WARN_CONSTANT_CONVERSION = YES;
				CLANG_WARN_DIRECT_OBJC_ISA_USAGE = YES_ERROR;
				CLANG_WARN_DOCUMENTATION_COMMENTS = YES;
				CLANG_WARN_EMPTY_BODY = YES;
				CLANG_WARN_ENUM_CONVERSION = YES;
				CLANG_WARN_INFINITE_RECURSION = YES;
				CLANG_WARN_INT_CONVERSION = YES;
				CLANG_WARN_OBJC_ROOT_CLASS = YES_ERROR;
				CLANG_WARN_SUSPICIOUS_MOVES = YES;
				CLANG_WARN_UNREACHABLE_CODE = YES;
				CLANG_WARN__DUPLICATE_METHOD_MATCH = YES;
				"CODE_SIGN_IDENTITY[sdk=iphoneos*]" = "iPhone Developer";
				COPY_PHASE_STRIP = NO;
				DEBUG_INFORMATION_FORMAT = dwarf;
				ENABLE_STRICT_OBJC_MSGSEND = YES;
				ENABLE_TESTABILITY = YES;
				GCC_C_LANGUAGE_STANDARD = gnu99;
				GCC_DYNAMIC_NO_PIC = NO;
				GCC_NO_COMMON_BLOCKS = YES;
				GCC_OPTIMIZATION_LEVEL = 0;
				GCC_PREPROCESSOR_DEFINITIONS = (
					"DEBUG=1",
					"$(inherited)",
				);
				GCC_WARN_64_TO_32_BIT_CONVERSION = YES;
				GCC_WARN_ABOUT_RETURN_TYPE = YES_ERROR;
				GCC_WARN_UNDECLARED_SELECTOR = YES;
				GCC_WARN_UNINITIALIZED_AUTOS = YES_AGGRESSIVE;
				GCC_WARN_UNUSED_FUNCTION = YES;
				GCC_WARN_UNUSED_VARIABLE = YES;
				IPHONEOS_DEPLOYMENT_TARGET = 10.0;
				MTL_ENABLE_DEBUG_INFO = YES;
				ONLY_ACTIVE_ARCH = YES;
				SDKROOT = iphoneos;
				SWIFT_ACTIVE_COMPILATION_CONDITIONS = DEBUG;
				SWIFT_OPTIMIZATION_LEVEL = "-Onone";
			};
			name = Debug;
		};
		D913F95E1EEE3B9B0039506E /* Release */ = {
			isa = XCBuildConfiguration;
			buildSettings = {
				ALWAYS_SEARCH_USER_PATHS = NO;
				CLANG_ANALYZER_NONNULL = YES;
				CLANG_CXX_LANGUAGE_STANDARD = "gnu++0x";
				CLANG_CXX_LIBRARY = "libc++";
				CLANG_ENABLE_MODULES = YES;
				CLANG_ENABLE_OBJC_ARC = YES;
				CLANG_WARN_BOOL_CONVERSION = YES;
				CLANG_WARN_CONSTANT_CONVERSION = YES;
				CLANG_WARN_DIRECT_OBJC_ISA_USAGE = YES_ERROR;
				CLANG_WARN_DOCUMENTATION_COMMENTS = YES;
				CLANG_WARN_EMPTY_BODY = YES;
				CLANG_WARN_ENUM_CONVERSION = YES;
				CLANG_WARN_INFINITE_RECURSION = YES;
				CLANG_WARN_INT_CONVERSION = YES;
				CLANG_WARN_OBJC_ROOT_CLASS = YES_ERROR;
				CLANG_WARN_SUSPICIOUS_MOVES = YES;
				CLANG_WARN_UNREACHABLE_CODE = YES;
				CLANG_WARN__DUPLICATE_METHOD_MATCH = YES;
				"CODE_SIGN_IDENTITY[sdk=iphoneos*]" = "iPhone Developer";
				COPY_PHASE_STRIP = NO;
				DEBUG_INFORMATION_FORMAT = "dwarf-with-dsym";
				ENABLE_NS_ASSERTIONS = NO;
				ENABLE_STRICT_OBJC_MSGSEND = YES;
				GCC_C_LANGUAGE_STANDARD = gnu99;
				GCC_NO_COMMON_BLOCKS = YES;
				GCC_WARN_64_TO_32_BIT_CONVERSION = YES;
				GCC_WARN_ABOUT_RETURN_TYPE = YES_ERROR;
				GCC_WARN_UNDECLARED_SELECTOR = YES;
				GCC_WARN_UNINITIALIZED_AUTOS = YES_AGGRESSIVE;
				GCC_WARN_UNUSED_FUNCTION = YES;
				GCC_WARN_UNUSED_VARIABLE = YES;
				IPHONEOS_DEPLOYMENT_TARGET = 10.0;
				MTL_ENABLE_DEBUG_INFO = NO;
				SDKROOT = iphoneos;
				SWIFT_OPTIMIZATION_LEVEL = "-Owholemodule";
				VALIDATE_PRODUCT = YES;
			};
			name = Release;
		};
		D913F9601EEE3B9B0039506E /* Debug */ = {
			isa = XCBuildConfiguration;
			buildSettings = {
				ASSETCATALOG_COMPILER_APPICON_NAME = AppIcon;
				INFOPLIST_FILE = TheFlips/Info.plist;
				LD_RUNPATH_SEARCH_PATHS = "$(inherited) @executable_path/Frameworks";
				PRODUCT_BUNDLE_IDENTIFIER = "xiao-lu.TheFlips";
				PRODUCT_NAME = "$(TARGET_NAME)";
				SWIFT_VERSION = 3.0;
			};
			name = Debug;
		};
		D913F9611EEE3B9B0039506E /* Release */ = {
			isa = XCBuildConfiguration;
			buildSettings = {
				ASSETCATALOG_COMPILER_APPICON_NAME = AppIcon;
				INFOPLIST_FILE = TheFlips/Info.plist;
				LD_RUNPATH_SEARCH_PATHS = "$(inherited) @executable_path/Frameworks";
				PRODUCT_BUNDLE_IDENTIFIER = "xiao-lu.TheFlips";
				PRODUCT_NAME = "$(TARGET_NAME)";
				SWIFT_VERSION = 3.0;
			};
			name = Release;
		};
/* End XCBuildConfiguration section */

/* Begin XCConfigurationList section */
		D913F9481EEE3B980039506E /* Build configuration list for PBXProject "TheFlips" */ = {
			isa = XCConfigurationList;
			buildConfigurations = (
				D913F95D1EEE3B9B0039506E /* Debug */,
				D913F95E1EEE3B9B0039506E /* Release */,
			);
			defaultConfigurationIsVisible = 0;
			defaultConfigurationName = Release;
		};
		D913F95F1EEE3B9B0039506E /* Build configuration list for PBXNativeTarget "TheFlips" */ = {
			isa = XCConfigurationList;
			buildConfigurations = (
				D913F9601EEE3B9B0039506E /* Debug */,
				D913F9611EEE3B9B0039506E /* Release */,
			);
			defaultConfigurationIsVisible = 0;
		};
/* End XCConfigurationList section */
	};
	rootObject = D913F9451EEE3B980039506E /* Project object */;
}
